// !$*UTF8*$!
{
	archiveVersion = 1;
	classes = {
	};
	objectVersion = 55;
	objects = {

/* Begin PBXBuildFile section */
		1B1DD1722789C1D000434408 /* AppDelegate.swift in Sources */ = {isa = PBXBuildFile; fileRef = 1B1DD1712789C1D000434408 /* AppDelegate.swift */; };
		1B1DD1742789C1D000434408 /* SceneDelegate.swift in Sources */ = {isa = PBXBuildFile; fileRef = 1B1DD1732789C1D000434408 /* SceneDelegate.swift */; };
		1B1DD1792789C1D000434408 /* Main.storyboard in Resources */ = {isa = PBXBuildFile; fileRef = 1B1DD1772789C1D000434408 /* Main.storyboard */; };
		1B1DD17B2789C1D200434408 /* Assets.xcassets in Resources */ = {isa = PBXBuildFile; fileRef = 1B1DD17A2789C1D200434408 /* Assets.xcassets */; };
		1B1DD17E2789C1D200434408 /* LaunchScreen.storyboard in Resources */ = {isa = PBXBuildFile; fileRef = 1B1DD17C2789C1D200434408 /* LaunchScreen.storyboard */; };
		1B1DD1892789C1D200434408 /* CountriesTests.swift in Sources */ = {isa = PBXBuildFile; fileRef = 1B1DD1882789C1D200434408 /* CountriesTests.swift */; };
		1B1DD1932789C1D200434408 /* CountriesUITests.swift in Sources */ = {isa = PBXBuildFile; fileRef = 1B1DD1922789C1D200434408 /* CountriesUITests.swift */; };
		1B1DD1952789C1D200434408 /* CountriesUITestsLaunchTests.swift in Sources */ = {isa = PBXBuildFile; fileRef = 1B1DD1942789C1D200434408 /* CountriesUITestsLaunchTests.swift */; };
		1B1DD1A32789C23000434408 /* CountryListModel.swift in Sources */ = {isa = PBXBuildFile; fileRef = 1B1DD1A22789C23000434408 /* CountryListModel.swift */; };
		1B1DD1A52789C29D00434408 /* CountryDetailsModel.swift in Sources */ = {isa = PBXBuildFile; fileRef = 1B1DD1A42789C29D00434408 /* CountryDetailsModel.swift */; };
		1B1DD1B32789CB0400434408 /* GoogleService-Info.plist in Resources */ = {isa = PBXBuildFile; fileRef = 1B1DD1B22789CB0400434408 /* GoogleService-Info.plist */; };
		1B1DD1B52789CB2100434408 /* GoogleService-Info.plist in Resources */ = {isa = PBXBuildFile; fileRef = 1B1DD1B22789CB0400434408 /* GoogleService-Info.plist */; };
		1B1DD1B62789CB2100434408 /* GoogleService-Info.plist in Resources */ = {isa = PBXBuildFile; fileRef = 1B1DD1B22789CB0400434408 /* GoogleService-Info.plist */; };
		1B1DD1BA2789D0CA00434408 /* .swiftlint.yml in Resources */ = {isa = PBXBuildFile; fileRef = 1B1DD1B92789D0CA00434408 /* .swiftlint.yml */; };
		1BA562322789EDD2003AB0FC /* Country List.storyboard in Resources */ = {isa = PBXBuildFile; fileRef = 1BA562312789EDD2003AB0FC /* Country List.storyboard */; };
		1BA562342789EE19003AB0FC /* Country Details.storyboard in Resources */ = {isa = PBXBuildFile; fileRef = 1BA562332789EE19003AB0FC /* Country Details.storyboard */; };
		1BA5623B2789F099003AB0FC /* Saved Countries List.storyboard in Resources */ = {isa = PBXBuildFile; fileRef = 1BA5623A2789F099003AB0FC /* Saved Countries List.storyboard */; };
		668CCE349930A53E9BFB382F /* Pods_Countries_CountriesUITests.framework in Frameworks */ = {isa = PBXBuildFile; fileRef = 30BA0D3E3AA135F84D78C636 /* Pods_Countries_CountriesUITests.framework */; };
		8C297FD8B987539D2CE84415 /* Pods_CountriesTests.framework in Frameworks */ = {isa = PBXBuildFile; fileRef = E0CD9F1FFC5366F4AB2D8197 /* Pods_CountriesTests.framework */; };
		9167105308889EF4B7084813 /* Pods_Countries.framework in Frameworks */ = {isa = PBXBuildFile; fileRef = 6DDE1ADB7E8C3312BB9919E3 /* Pods_Countries.framework */; };
/* End PBXBuildFile section */

/* Begin PBXContainerItemProxy section */
		1B1DD1852789C1D200434408 /* PBXContainerItemProxy */ = {
			isa = PBXContainerItemProxy;
			containerPortal = 1B1DD1662789C1D000434408 /* Project object */;
			proxyType = 1;
			remoteGlobalIDString = 1B1DD16D2789C1D000434408;
			remoteInfo = Countries;
		};
		1B1DD18F2789C1D200434408 /* PBXContainerItemProxy */ = {
			isa = PBXContainerItemProxy;
			containerPortal = 1B1DD1662789C1D000434408 /* Project object */;
			proxyType = 1;
			remoteGlobalIDString = 1B1DD16D2789C1D000434408;
			remoteInfo = Countries;
		};
/* End PBXContainerItemProxy section */

/* Begin PBXFileReference section */
		0857CB465017E740214C20A0 /* Pods-Countries.debug.xcconfig */ = {isa = PBXFileReference; includeInIndex = 1; lastKnownFileType = text.xcconfig; name = "Pods-Countries.debug.xcconfig"; path = "Target Support Files/Pods-Countries/Pods-Countries.debug.xcconfig"; sourceTree = "<group>"; };
		1B1DD16E2789C1D000434408 /* Countries.app */ = {isa = PBXFileReference; explicitFileType = wrapper.application; includeInIndex = 0; path = Countries.app; sourceTree = BUILT_PRODUCTS_DIR; };
		1B1DD1712789C1D000434408 /* AppDelegate.swift */ = {isa = PBXFileReference; lastKnownFileType = sourcecode.swift; path = AppDelegate.swift; sourceTree = "<group>"; };
		1B1DD1732789C1D000434408 /* SceneDelegate.swift */ = {isa = PBXFileReference; lastKnownFileType = sourcecode.swift; path = SceneDelegate.swift; sourceTree = "<group>"; };
		1B1DD1782789C1D000434408 /* Base */ = {isa = PBXFileReference; lastKnownFileType = file.storyboard; name = Base; path = Base.lproj/Main.storyboard; sourceTree = "<group>"; };
		1B1DD17A2789C1D200434408 /* Assets.xcassets */ = {isa = PBXFileReference; lastKnownFileType = folder.assetcatalog; path = Assets.xcassets; sourceTree = "<group>"; };
		1B1DD17D2789C1D200434408 /* Base */ = {isa = PBXFileReference; lastKnownFileType = file.storyboard; name = Base; path = Base.lproj/LaunchScreen.storyboard; sourceTree = "<group>"; };
		1B1DD17F2789C1D200434408 /* Info.plist */ = {isa = PBXFileReference; lastKnownFileType = text.plist.xml; path = Info.plist; sourceTree = "<group>"; };
		1B1DD1842789C1D200434408 /* CountriesTests.xctest */ = {isa = PBXFileReference; explicitFileType = wrapper.cfbundle; includeInIndex = 0; path = CountriesTests.xctest; sourceTree = BUILT_PRODUCTS_DIR; };
		1B1DD1882789C1D200434408 /* CountriesTests.swift */ = {isa = PBXFileReference; lastKnownFileType = sourcecode.swift; path = CountriesTests.swift; sourceTree = "<group>"; };
		1B1DD18E2789C1D200434408 /* CountriesUITests.xctest */ = {isa = PBXFileReference; explicitFileType = wrapper.cfbundle; includeInIndex = 0; path = CountriesUITests.xctest; sourceTree = BUILT_PRODUCTS_DIR; };
		1B1DD1922789C1D200434408 /* CountriesUITests.swift */ = {isa = PBXFileReference; lastKnownFileType = sourcecode.swift; path = CountriesUITests.swift; sourceTree = "<group>"; };
		1B1DD1942789C1D200434408 /* CountriesUITestsLaunchTests.swift */ = {isa = PBXFileReference; lastKnownFileType = sourcecode.swift; path = CountriesUITestsLaunchTests.swift; sourceTree = "<group>"; };
		1B1DD1A22789C23000434408 /* CountryListModel.swift */ = {isa = PBXFileReference; lastKnownFileType = sourcecode.swift; path = CountryListModel.swift; sourceTree = "<group>"; };
		1B1DD1A42789C29D00434408 /* CountryDetailsModel.swift */ = {isa = PBXFileReference; lastKnownFileType = sourcecode.swift; path = CountryDetailsModel.swift; sourceTree = "<group>"; };
		1B1DD1B22789CB0400434408 /* GoogleService-Info.plist */ = {isa = PBXFileReference; fileEncoding = 4; lastKnownFileType = text.plist.xml; path = "GoogleService-Info.plist"; sourceTree = "<group>"; };
		1B1DD1B92789D0CA00434408 /* .swiftlint.yml */ = {isa = PBXFileReference; fileEncoding = 4; lastKnownFileType = text.yaml; path = .swiftlint.yml; sourceTree = "<group>"; };
		1BA562312789EDD2003AB0FC /* Country List.storyboard */ = {isa = PBXFileReference; lastKnownFileType = file.storyboard; name = "Country List.storyboard"; path = "Countries/Screens/Country List/View/Storyboard+Xibs/Country List.storyboard"; sourceTree = SOURCE_ROOT; };
		1BA562332789EE19003AB0FC /* Country Details.storyboard */ = {isa = PBXFileReference; lastKnownFileType = file.storyboard; path = "Country Details.storyboard"; sourceTree = "<group>"; };
		1BA5623A2789F099003AB0FC /* Saved Countries List.storyboard */ = {isa = PBXFileReference; lastKnownFileType = file.storyboard; path = "Saved Countries List.storyboard"; sourceTree = "<group>"; };
		30BA0D3E3AA135F84D78C636 /* Pods_Countries_CountriesUITests.framework */ = {isa = PBXFileReference; explicitFileType = wrapper.framework; includeInIndex = 0; path = Pods_Countries_CountriesUITests.framework; sourceTree = BUILT_PRODUCTS_DIR; };
		6DDE1ADB7E8C3312BB9919E3 /* Pods_Countries.framework */ = {isa = PBXFileReference; explicitFileType = wrapper.framework; includeInIndex = 0; path = Pods_Countries.framework; sourceTree = BUILT_PRODUCTS_DIR; };
		6DE8C94509D172EE9B081DEA /* Pods-Countries-CountriesUITests.release.xcconfig */ = {isa = PBXFileReference; includeInIndex = 1; lastKnownFileType = text.xcconfig; name = "Pods-Countries-CountriesUITests.release.xcconfig"; path = "Target Support Files/Pods-Countries-CountriesUITests/Pods-Countries-CountriesUITests.release.xcconfig"; sourceTree = "<group>"; };
		86D17193161F2B42298780E3 /* Pods-CountriesTests.release.xcconfig */ = {isa = PBXFileReference; includeInIndex = 1; lastKnownFileType = text.xcconfig; name = "Pods-CountriesTests.release.xcconfig"; path = "Target Support Files/Pods-CountriesTests/Pods-CountriesTests.release.xcconfig"; sourceTree = "<group>"; };
		8BDB6624EDF5BB82ACCCBF5B /* Pods-Countries.release.xcconfig */ = {isa = PBXFileReference; includeInIndex = 1; lastKnownFileType = text.xcconfig; name = "Pods-Countries.release.xcconfig"; path = "Target Support Files/Pods-Countries/Pods-Countries.release.xcconfig"; sourceTree = "<group>"; };
		E0CD9F1FFC5366F4AB2D8197 /* Pods_CountriesTests.framework */ = {isa = PBXFileReference; explicitFileType = wrapper.framework; includeInIndex = 0; path = Pods_CountriesTests.framework; sourceTree = BUILT_PRODUCTS_DIR; };
		E258081F737A5837E5D7861D /* Pods-Countries-CountriesUITests.debug.xcconfig */ = {isa = PBXFileReference; includeInIndex = 1; lastKnownFileType = text.xcconfig; name = "Pods-Countries-CountriesUITests.debug.xcconfig"; path = "Target Support Files/Pods-Countries-CountriesUITests/Pods-Countries-CountriesUITests.debug.xcconfig"; sourceTree = "<group>"; };
		F09799C48E4D1E3E39F7198A /* Pods-CountriesTests.debug.xcconfig */ = {isa = PBXFileReference; includeInIndex = 1; lastKnownFileType = text.xcconfig; name = "Pods-CountriesTests.debug.xcconfig"; path = "Target Support Files/Pods-CountriesTests/Pods-CountriesTests.debug.xcconfig"; sourceTree = "<group>"; };
/* End PBXFileReference section */

/* Begin PBXFrameworksBuildPhase section */
		1B1DD16B2789C1D000434408 /* Frameworks */ = {
			isa = PBXFrameworksBuildPhase;
			buildActionMask = 2147483647;
			files = (
				9167105308889EF4B7084813 /* Pods_Countries.framework in Frameworks */,
			);
			runOnlyForDeploymentPostprocessing = 0;
		};
		1B1DD1812789C1D200434408 /* Frameworks */ = {
			isa = PBXFrameworksBuildPhase;
			buildActionMask = 2147483647;
			files = (
				8C297FD8B987539D2CE84415 /* Pods_CountriesTests.framework in Frameworks */,
			);
			runOnlyForDeploymentPostprocessing = 0;
		};
		1B1DD18B2789C1D200434408 /* Frameworks */ = {
			isa = PBXFrameworksBuildPhase;
			buildActionMask = 2147483647;
			files = (
				668CCE349930A53E9BFB382F /* Pods_Countries_CountriesUITests.framework in Frameworks */,
			);
			runOnlyForDeploymentPostprocessing = 0;
		};
/* End PBXFrameworksBuildPhase section */

/* Begin PBXGroup section */
		1B1DD1652789C1D000434408 = {
			isa = PBXGroup;
			children = (
				1B1DD1B92789D0CA00434408 /* .swiftlint.yml */,
				1B1DD1702789C1D000434408 /* Countries */,
				1B1DD1872789C1D200434408 /* CountriesTests */,
				1B1DD1912789C1D200434408 /* CountriesUITests */,
				1B1DD16F2789C1D000434408 /* Products */,
				BB34D2E1CA7A89D7D9903B8A /* Pods */,
				8D0E797D8926FE0289A1B6B1 /* Frameworks */,
			);
			sourceTree = "<group>";
		};
		1B1DD16F2789C1D000434408 /* Products */ = {
			isa = PBXGroup;
			children = (
				1B1DD16E2789C1D000434408 /* Countries.app */,
				1B1DD1842789C1D200434408 /* CountriesTests.xctest */,
				1B1DD18E2789C1D200434408 /* CountriesUITests.xctest */,
			);
			name = Products;
			sourceTree = "<group>";
		};
		1B1DD1702789C1D000434408 /* Countries */ = {
			isa = PBXGroup;
			children = (
				1B1DD1AA2789C38E00434408 /* Screens */,
				1B1DD1B12789C49300434408 /* Supporting Files */,
			);
			path = Countries;
			sourceTree = "<group>";
		};
		1B1DD1872789C1D200434408 /* CountriesTests */ = {
			isa = PBXGroup;
			children = (
				1B1DD1882789C1D200434408 /* CountriesTests.swift */,
			);
			path = CountriesTests;
			sourceTree = "<group>";
		};
		1B1DD1912789C1D200434408 /* CountriesUITests */ = {
			isa = PBXGroup;
			children = (
				1B1DD1922789C1D200434408 /* CountriesUITests.swift */,
				1B1DD1942789C1D200434408 /* CountriesUITestsLaunchTests.swift */,
			);
			path = CountriesUITests;
			sourceTree = "<group>";
		};
		1B1DD1A12789C21000434408 /* Model */ = {
			isa = PBXGroup;
			children = (
				1B1DD1A22789C23000434408 /* CountryListModel.swift */,
			);
			path = Model;
			sourceTree = "<group>";
		};
		1B1DD1A62789C31200434408 /* View */ = {
			isa = PBXGroup;
			children = (
				1B1DD1A82789C33900434408 /* Storyboard+Xibs */,
				1B1DD1A92789C34900434408 /* View Classes */,
			);
			path = View;
			sourceTree = "<group>";
		};
		1B1DD1A72789C31900434408 /* View Model */ = {
			isa = PBXGroup;
			children = (
			);
			path = "View Model";
			sourceTree = "<group>";
		};
		1B1DD1A82789C33900434408 /* Storyboard+Xibs */ = {
			isa = PBXGroup;
			children = (
				1BA562312789EDD2003AB0FC /* Country List.storyboard */,
			);
			path = "Storyboard+Xibs";
			sourceTree = "<group>";
		};
		1B1DD1A92789C34900434408 /* View Classes */ = {
			isa = PBXGroup;
			children = (
				1B1DD1B02789C44A00434408 /* Cell Classes */,
			);
			path = "View Classes";
			sourceTree = "<group>";
		};
		1B1DD1AA2789C38E00434408 /* Screens */ = {
			isa = PBXGroup;
			children = (
				1B1DD1772789C1D000434408 /* Main.storyboard */,
				1B1DD1AB2789C39700434408 /* Country List */,
				1BA562392789F08B003AB0FC /* Saved Countries List */,
				1B1DD1AC2789C3D600434408 /* Country Details */,
			);
			path = Screens;
			sourceTree = "<group>";
		};
		1B1DD1AB2789C39700434408 /* Country List */ = {
			isa = PBXGroup;
			children = (
				1B1DD1A12789C21000434408 /* Model */,
				1B1DD1A62789C31200434408 /* View */,
				1B1DD1A72789C31900434408 /* View Model */,
			);
			path = "Country List";
			sourceTree = "<group>";
		};
		1B1DD1AC2789C3D600434408 /* Country Details */ = {
			isa = PBXGroup;
			children = (
				1B1DD1AF2789C3FE00434408 /* Model */,
				1B1DD1AE2789C3F600434408 /* View */,
				1B1DD1AD2789C3EC00434408 /* View Model */,
			);
			path = "Country Details";
			sourceTree = "<group>";
		};
		1B1DD1AD2789C3EC00434408 /* View Model */ = {
			isa = PBXGroup;
			children = (
			);
			path = "View Model";
			sourceTree = "<group>";
		};
		1B1DD1AE2789C3F600434408 /* View */ = {
			isa = PBXGroup;
			children = (
				1BA562352789EE29003AB0FC /* Storyboard+Xibs */,
				1BA562372789EE41003AB0FC /* View Classes */,
			);
			path = View;
			sourceTree = "<group>";
		};
		1B1DD1AF2789C3FE00434408 /* Model */ = {
			isa = PBXGroup;
			children = (
				1B1DD1A42789C29D00434408 /* CountryDetailsModel.swift */,
			);
			path = Model;
			sourceTree = "<group>";
		};
		1B1DD1B02789C44A00434408 /* Cell Classes */ = {
			isa = PBXGroup;
			children = (
			);
			path = "Cell Classes";
			sourceTree = "<group>";
		};
		1B1DD1B12789C49300434408 /* Supporting Files */ = {
			isa = PBXGroup;
			children = (
				1B1DD1712789C1D000434408 /* AppDelegate.swift */,
				1B1DD1732789C1D000434408 /* SceneDelegate.swift */,
				1B1DD17C2789C1D200434408 /* LaunchScreen.storyboard */,
				1B1DD17A2789C1D200434408 /* Assets.xcassets */,
				1B1DD17F2789C1D200434408 /* Info.plist */,
				1B1DD1B22789CB0400434408 /* GoogleService-Info.plist */,
			);
			path = "Supporting Files";
			sourceTree = "<group>";
		};
		1BA562352789EE29003AB0FC /* Storyboard+Xibs */ = {
			isa = PBXGroup;
			children = (
				1BA562332789EE19003AB0FC /* Country Details.storyboard */,
			);
			path = "Storyboard+Xibs";
			sourceTree = "<group>";
		};
		1BA562372789EE41003AB0FC /* View Classes */ = {
			isa = PBXGroup;
			children = (
				1BA562382789EE55003AB0FC /* Cell Classes */,
			);
			path = "View Classes";
			sourceTree = "<group>";
		};
		1BA562382789EE55003AB0FC /* Cell Classes */ = {
			isa = PBXGroup;
			children = (
			);
			path = "Cell Classes";
			sourceTree = "<group>";
		};
		1BA562392789F08B003AB0FC /* Saved Countries List */ = {
			isa = PBXGroup;
			children = (
				1BA5623A2789F099003AB0FC /* Saved Countries List.storyboard */,
			);
			path = "Saved Countries List";
			sourceTree = "<group>";
		};
		8D0E797D8926FE0289A1B6B1 /* Frameworks */ = {
			isa = PBXGroup;
			children = (
				6DDE1ADB7E8C3312BB9919E3 /* Pods_Countries.framework */,
				30BA0D3E3AA135F84D78C636 /* Pods_Countries_CountriesUITests.framework */,
				E0CD9F1FFC5366F4AB2D8197 /* Pods_CountriesTests.framework */,
			);
			name = Frameworks;
			sourceTree = "<group>";
		};
		BB34D2E1CA7A89D7D9903B8A /* Pods */ = {
			isa = PBXGroup;
			children = (
				0857CB465017E740214C20A0 /* Pods-Countries.debug.xcconfig */,
				8BDB6624EDF5BB82ACCCBF5B /* Pods-Countries.release.xcconfig */,
				E258081F737A5837E5D7861D /* Pods-Countries-CountriesUITests.debug.xcconfig */,
				6DE8C94509D172EE9B081DEA /* Pods-Countries-CountriesUITests.release.xcconfig */,
				F09799C48E4D1E3E39F7198A /* Pods-CountriesTests.debug.xcconfig */,
				86D17193161F2B42298780E3 /* Pods-CountriesTests.release.xcconfig */,
			);
			path = Pods;
			sourceTree = "<group>";
		};
/* End PBXGroup section */

/* Begin PBXNativeTarget section */
		1B1DD16D2789C1D000434408 /* Countries */ = {
			isa = PBXNativeTarget;
			buildConfigurationList = 1B1DD1982789C1D200434408 /* Build configuration list for PBXNativeTarget "Countries" */;
			buildPhases = (
				99E5458BB4C39256F954C79B /* [CP] Check Pods Manifest.lock */,
				1B1DD16A2789C1D000434408 /* Sources */,
				1B1DD16B2789C1D000434408 /* Frameworks */,
				1B1DD16C2789C1D000434408 /* Resources */,
				1B1DD1B72789CE0900434408 /* [FB] Upload Debug Symbols */,
				1B1DD1B82789CFED00434408 /* Lint using SwiftLint */,
				91DB4354A995B1886A2AAAB2 /* [CP] Embed Pods Frameworks */,
			);
			buildRules = (
			);
			dependencies = (
			);
			name = Countries;
			productName = Countries;
			productReference = 1B1DD16E2789C1D000434408 /* Countries.app */;
			productType = "com.apple.product-type.application";
		};
		1B1DD1832789C1D200434408 /* CountriesTests */ = {
			isa = PBXNativeTarget;
			buildConfigurationList = 1B1DD19B2789C1D200434408 /* Build configuration list for PBXNativeTarget "CountriesTests" */;
			buildPhases = (
				FDE61D0005BFE9FDA01B3733 /* [CP] Check Pods Manifest.lock */,
				1B1DD1802789C1D200434408 /* Sources */,
				1B1DD1812789C1D200434408 /* Frameworks */,
				1B1DD1822789C1D200434408 /* Resources */,
			);
			buildRules = (
			);
			dependencies = (
				1B1DD1862789C1D200434408 /* PBXTargetDependency */,
			);
			name = CountriesTests;
			productName = CountriesTests;
			productReference = 1B1DD1842789C1D200434408 /* CountriesTests.xctest */;
			productType = "com.apple.product-type.bundle.unit-test";
		};
		1B1DD18D2789C1D200434408 /* CountriesUITests */ = {
			isa = PBXNativeTarget;
			buildConfigurationList = 1B1DD19E2789C1D200434408 /* Build configuration list for PBXNativeTarget "CountriesUITests" */;
			buildPhases = (
				372761F88BB8BE14F4B89435 /* [CP] Check Pods Manifest.lock */,
				1B1DD18A2789C1D200434408 /* Sources */,
				1B1DD18B2789C1D200434408 /* Frameworks */,
				1B1DD18C2789C1D200434408 /* Resources */,
				C05A1A38E024658FD51B8523 /* [CP] Embed Pods Frameworks */,
			);
			buildRules = (
			);
			dependencies = (
				1B1DD1902789C1D200434408 /* PBXTargetDependency */,
			);
			name = CountriesUITests;
			productName = CountriesUITests;
			productReference = 1B1DD18E2789C1D200434408 /* CountriesUITests.xctest */;
			productType = "com.apple.product-type.bundle.ui-testing";
		};
/* End PBXNativeTarget section */

/* Begin PBXProject section */
		1B1DD1662789C1D000434408 /* Project object */ = {
			isa = PBXProject;
			attributes = {
				BuildIndependentTargetsInParallel = 1;
				LastSwiftUpdateCheck = 1320;
				LastUpgradeCheck = 1320;
				TargetAttributes = {
					1B1DD16D2789C1D000434408 = {
						CreatedOnToolsVersion = 13.2.1;
					};
					1B1DD1832789C1D200434408 = {
						CreatedOnToolsVersion = 13.2.1;
						TestTargetID = 1B1DD16D2789C1D000434408;
					};
					1B1DD18D2789C1D200434408 = {
						CreatedOnToolsVersion = 13.2.1;
						TestTargetID = 1B1DD16D2789C1D000434408;
					};
				};
			};
			buildConfigurationList = 1B1DD1692789C1D000434408 /* Build configuration list for PBXProject "Countries" */;
			compatibilityVersion = "Xcode 13.0";
			developmentRegion = en;
			hasScannedForEncodings = 0;
			knownRegions = (
				en,
				Base,
			);
			mainGroup = 1B1DD1652789C1D000434408;
			productRefGroup = 1B1DD16F2789C1D000434408 /* Products */;
			projectDirPath = "";
			projectRoot = "";
			targets = (
				1B1DD16D2789C1D000434408 /* Countries */,
				1B1DD1832789C1D200434408 /* CountriesTests */,
				1B1DD18D2789C1D200434408 /* CountriesUITests */,
			);
		};
/* End PBXProject section */

/* Begin PBXResourcesBuildPhase section */
		1B1DD16C2789C1D000434408 /* Resources */ = {
			isa = PBXResourcesBuildPhase;
			buildActionMask = 2147483647;
			files = (
				1BA562322789EDD2003AB0FC /* Country List.storyboard in Resources */,
				1B1DD1BA2789D0CA00434408 /* .swiftlint.yml in Resources */,
				1B1DD17E2789C1D200434408 /* LaunchScreen.storyboard in Resources */,
				1BA5623B2789F099003AB0FC /* Saved Countries List.storyboard in Resources */,
				1B1DD1B32789CB0400434408 /* GoogleService-Info.plist in Resources */,
				1B1DD17B2789C1D200434408 /* Assets.xcassets in Resources */,
				1BA562342789EE19003AB0FC /* Country Details.storyboard in Resources */,
				1B1DD1792789C1D000434408 /* Main.storyboard in Resources */,
			);
			runOnlyForDeploymentPostprocessing = 0;
		};
		1B1DD1822789C1D200434408 /* Resources */ = {
			isa = PBXResourcesBuildPhase;
			buildActionMask = 2147483647;
			files = (
				1B1DD1B52789CB2100434408 /* GoogleService-Info.plist in Resources */,
			);
			runOnlyForDeploymentPostprocessing = 0;
		};
		1B1DD18C2789C1D200434408 /* Resources */ = {
			isa = PBXResourcesBuildPhase;
			buildActionMask = 2147483647;
			files = (
				1B1DD1B62789CB2100434408 /* GoogleService-Info.plist in Resources */,
			);
			runOnlyForDeploymentPostprocessing = 0;
		};
/* End PBXResourcesBuildPhase section */

/* Begin PBXShellScriptBuildPhase section */
		1B1DD1B72789CE0900434408 /* [FB] Upload Debug Symbols */ = {
			isa = PBXShellScriptBuildPhase;
			buildActionMask = 2147483647;
			files = (
			);
			inputFileListPaths = (
			);
			inputPaths = (
			);
			name = "[FB] Upload Debug Symbols";
			outputFileListPaths = (
			);
			outputPaths = (
			);
			runOnlyForDeploymentPostprocessing = 0;
			shellPath = /bin/sh;
			shellScript = "\"${PODS_ROOT}/FirebaseCrashlytics/run\"\n";
		};
		1B1DD1B82789CFED00434408 /* Lint using SwiftLint */ = {
			isa = PBXShellScriptBuildPhase;
			buildActionMask = 2147483647;
			files = (
			);
			inputFileListPaths = (
			);
			inputPaths = (
			);
			name = "Lint using SwiftLint";
			outputFileListPaths = (
			);
			outputPaths = (
			);
			runOnlyForDeploymentPostprocessing = 0;
			shellPath = /bin/sh;
			shellScript = "\"${PODS_ROOT}/SwiftLint/swiftlint\"\n";
		};
		372761F88BB8BE14F4B89435 /* [CP] Check Pods Manifest.lock */ = {
			isa = PBXShellScriptBuildPhase;
			buildActionMask = 2147483647;
			files = (
			);
			inputFileListPaths = (
			);
			inputPaths = (
				"${PODS_PODFILE_DIR_PATH}/Podfile.lock",
				"${PODS_ROOT}/Manifest.lock",
			);
			name = "[CP] Check Pods Manifest.lock";
			outputFileListPaths = (
			);
			outputPaths = (
				"$(DERIVED_FILE_DIR)/Pods-Countries-CountriesUITests-checkManifestLockResult.txt",
			);
			runOnlyForDeploymentPostprocessing = 0;
			shellPath = /bin/sh;
			shellScript = "diff \"${PODS_PODFILE_DIR_PATH}/Podfile.lock\" \"${PODS_ROOT}/Manifest.lock\" > /dev/null\nif [ $? != 0 ] ; then\n    # print error to STDERR\n    echo \"error: The sandbox is not in sync with the Podfile.lock. Run 'pod install' or update your CocoaPods installation.\" >&2\n    exit 1\nfi\n# This output is used by Xcode 'outputs' to avoid re-running this script phase.\necho \"SUCCESS\" > \"${SCRIPT_OUTPUT_FILE_0}\"\n";
			showEnvVarsInLog = 0;
		};
		91DB4354A995B1886A2AAAB2 /* [CP] Embed Pods Frameworks */ = {
			isa = PBXShellScriptBuildPhase;
			buildActionMask = 2147483647;
			files = (
			);
			inputFileListPaths = (
				"${PODS_ROOT}/Target Support Files/Pods-Countries/Pods-Countries-frameworks-${CONFIGURATION}-input-files.xcfilelist",
			);
			name = "[CP] Embed Pods Frameworks";
			outputFileListPaths = (
				"${PODS_ROOT}/Target Support Files/Pods-Countries/Pods-Countries-frameworks-${CONFIGURATION}-output-files.xcfilelist",
			);
			runOnlyForDeploymentPostprocessing = 0;
			shellPath = /bin/sh;
			shellScript = "\"${PODS_ROOT}/Target Support Files/Pods-Countries/Pods-Countries-frameworks.sh\"\n";
			showEnvVarsInLog = 0;
		};
		99E5458BB4C39256F954C79B /* [CP] Check Pods Manifest.lock */ = {
			isa = PBXShellScriptBuildPhase;
			buildActionMask = 2147483647;
			files = (
			);
			inputFileListPaths = (
			);
			inputPaths = (
				"${PODS_PODFILE_DIR_PATH}/Podfile.lock",
				"${PODS_ROOT}/Manifest.lock",
			);
			name = "[CP] Check Pods Manifest.lock";
			outputFileListPaths = (
			);
			outputPaths = (
				"$(DERIVED_FILE_DIR)/Pods-Countries-checkManifestLockResult.txt",
			);
			runOnlyForDeploymentPostprocessing = 0;
			shellPath = /bin/sh;
			shellScript = "diff \"${PODS_PODFILE_DIR_PATH}/Podfile.lock\" \"${PODS_ROOT}/Manifest.lock\" > /dev/null\nif [ $? != 0 ] ; then\n    # print error to STDERR\n    echo \"error: The sandbox is not in sync with the Podfile.lock. Run 'pod install' or update your CocoaPods installation.\" >&2\n    exit 1\nfi\n# This output is used by Xcode 'outputs' to avoid re-running this script phase.\necho \"SUCCESS\" > \"${SCRIPT_OUTPUT_FILE_0}\"\n";
			showEnvVarsInLog = 0;
		};
		C05A1A38E024658FD51B8523 /* [CP] Embed Pods Frameworks */ = {
			isa = PBXShellScriptBuildPhase;
			buildActionMask = 2147483647;
			files = (
			);
			inputFileListPaths = (
				"${PODS_ROOT}/Target Support Files/Pods-Countries-CountriesUITests/Pods-Countries-CountriesUITests-frameworks-${CONFIGURATION}-input-files.xcfilelist",
			);
			name = "[CP] Embed Pods Frameworks";
			outputFileListPaths = (
				"${PODS_ROOT}/Target Support Files/Pods-Countries-CountriesUITests/Pods-Countries-CountriesUITests-frameworks-${CONFIGURATION}-output-files.xcfilelist",
			);
			runOnlyForDeploymentPostprocessing = 0;
			shellPath = /bin/sh;
			shellScript = "\"${PODS_ROOT}/Target Support Files/Pods-Countries-CountriesUITests/Pods-Countries-CountriesUITests-frameworks.sh\"\n";
			showEnvVarsInLog = 0;
		};
		FDE61D0005BFE9FDA01B3733 /* [CP] Check Pods Manifest.lock */ = {
			isa = PBXShellScriptBuildPhase;
			buildActionMask = 2147483647;
			files = (
			);
			inputFileListPaths = (
			);
			inputPaths = (
				"${PODS_PODFILE_DIR_PATH}/Podfile.lock",
				"${PODS_ROOT}/Manifest.lock",
			);
			name = "[CP] Check Pods Manifest.lock";
			outputFileListPaths = (
			);
			outputPaths = (
				"$(DERIVED_FILE_DIR)/Pods-CountriesTests-checkManifestLockResult.txt",
			);
			runOnlyForDeploymentPostprocessing = 0;
			shellPath = /bin/sh;
			shellScript = "diff \"${PODS_PODFILE_DIR_PATH}/Podfile.lock\" \"${PODS_ROOT}/Manifest.lock\" > /dev/null\nif [ $? != 0 ] ; then\n    # print error to STDERR\n    echo \"error: The sandbox is not in sync with the Podfile.lock. Run 'pod install' or update your CocoaPods installation.\" >&2\n    exit 1\nfi\n# This output is used by Xcode 'outputs' to avoid re-running this script phase.\necho \"SUCCESS\" > \"${SCRIPT_OUTPUT_FILE_0}\"\n";
			showEnvVarsInLog = 0;
		};
/* End PBXShellScriptBuildPhase section */

/* Begin PBXSourcesBuildPhase section */
		1B1DD16A2789C1D000434408 /* Sources */ = {
			isa = PBXSourcesBuildPhase;
			buildActionMask = 2147483647;
			files = (
				1B1DD1722789C1D000434408 /* AppDelegate.swift in Sources */,
				1B1DD1A32789C23000434408 /* CountryListModel.swift in Sources */,
				1B1DD1742789C1D000434408 /* SceneDelegate.swift in Sources */,
				1B1DD1A52789C29D00434408 /* CountryDetailsModel.swift in Sources */,
			);
			runOnlyForDeploymentPostprocessing = 0;
		};
		1B1DD1802789C1D200434408 /* Sources */ = {
			isa = PBXSourcesBuildPhase;
			buildActionMask = 2147483647;
			files = (
				1B1DD1892789C1D200434408 /* CountriesTests.swift in Sources */,
			);
			runOnlyForDeploymentPostprocessing = 0;
		};
		1B1DD18A2789C1D200434408 /* Sources */ = {
			isa = PBXSourcesBuildPhase;
			buildActionMask = 2147483647;
			files = (
				1B1DD1932789C1D200434408 /* CountriesUITests.swift in Sources */,
				1B1DD1952789C1D200434408 /* CountriesUITestsLaunchTests.swift in Sources */,
			);
			runOnlyForDeploymentPostprocessing = 0;
		};
/* End PBXSourcesBuildPhase section */

/* Begin PBXTargetDependency section */
		1B1DD1862789C1D200434408 /* PBXTargetDependency */ = {
			isa = PBXTargetDependency;
			target = 1B1DD16D2789C1D000434408 /* Countries */;
			targetProxy = 1B1DD1852789C1D200434408 /* PBXContainerItemProxy */;
		};
		1B1DD1902789C1D200434408 /* PBXTargetDependency */ = {
			isa = PBXTargetDependency;
			target = 1B1DD16D2789C1D000434408 /* Countries */;
			targetProxy = 1B1DD18F2789C1D200434408 /* PBXContainerItemProxy */;
		};
/* End PBXTargetDependency section */

/* Begin PBXVariantGroup section */
		1B1DD1772789C1D000434408 /* Main.storyboard */ = {
			isa = PBXVariantGroup;
			children = (
				1B1DD1782789C1D000434408 /* Base */,
			);
			name = Main.storyboard;
			sourceTree = "<group>";
		};
		1B1DD17C2789C1D200434408 /* LaunchScreen.storyboard */ = {
			isa = PBXVariantGroup;
			children = (
				1B1DD17D2789C1D200434408 /* Base */,
			);
			name = LaunchScreen.storyboard;
			sourceTree = "<group>";
		};
/* End PBXVariantGroup section */

/* Begin XCBuildConfiguration section */
		1B1DD1962789C1D200434408 /* Debug */ = {
			isa = XCBuildConfiguration;
			buildSettings = {
				ALWAYS_SEARCH_USER_PATHS = NO;
				CLANG_ANALYZER_NONNULL = YES;
				CLANG_ANALYZER_NUMBER_OBJECT_CONVERSION = YES_AGGRESSIVE;
				CLANG_CXX_LANGUAGE_STANDARD = "gnu++17";
				CLANG_CXX_LIBRARY = "libc++";
				CLANG_ENABLE_MODULES = YES;
				CLANG_ENABLE_OBJC_ARC = YES;
				CLANG_ENABLE_OBJC_WEAK = YES;
				CLANG_WARN_BLOCK_CAPTURE_AUTORELEASING = YES;
				CLANG_WARN_BOOL_CONVERSION = YES;
				CLANG_WARN_COMMA = YES;
				CLANG_WARN_CONSTANT_CONVERSION = YES;
				CLANG_WARN_DEPRECATED_OBJC_IMPLEMENTATIONS = YES;
				CLANG_WARN_DIRECT_OBJC_ISA_USAGE = YES_ERROR;
				CLANG_WARN_DOCUMENTATION_COMMENTS = YES;
				CLANG_WARN_EMPTY_BODY = YES;
				CLANG_WARN_ENUM_CONVERSION = YES;
				CLANG_WARN_INFINITE_RECURSION = YES;
				CLANG_WARN_INT_CONVERSION = YES;
				CLANG_WARN_NON_LITERAL_NULL_CONVERSION = YES;
				CLANG_WARN_OBJC_IMPLICIT_RETAIN_SELF = YES;
				CLANG_WARN_OBJC_LITERAL_CONVERSION = YES;
				CLANG_WARN_OBJC_ROOT_CLASS = YES_ERROR;
				CLANG_WARN_QUOTED_INCLUDE_IN_FRAMEWORK_HEADER = YES;
				CLANG_WARN_RANGE_LOOP_ANALYSIS = YES;
				CLANG_WARN_STRICT_PROTOTYPES = YES;
				CLANG_WARN_SUSPICIOUS_MOVE = YES;
				CLANG_WARN_UNGUARDED_AVAILABILITY = YES_AGGRESSIVE;
				CLANG_WARN_UNREACHABLE_CODE = YES;
				CLANG_WARN__DUPLICATE_METHOD_MATCH = YES;
				COPY_PHASE_STRIP = NO;
				DEBUG_INFORMATION_FORMAT = "dwarf-with-dsym";
				ENABLE_STRICT_OBJC_MSGSEND = YES;
				ENABLE_TESTABILITY = YES;
				GCC_C_LANGUAGE_STANDARD = gnu11;
				GCC_DYNAMIC_NO_PIC = NO;
				GCC_NO_COMMON_BLOCKS = YES;
				GCC_OPTIMIZATION_LEVEL = 0;
				GCC_PREPROCESSOR_DEFINITIONS = (
					"DEBUG=1",
					"$(inherited)",
				);
				GCC_WARN_64_TO_32_BIT_CONVERSION = YES;
				GCC_WARN_ABOUT_RETURN_TYPE = YES_ERROR;
				GCC_WARN_UNDECLARED_SELECTOR = YES;
				GCC_WARN_UNINITIALIZED_AUTOS = YES_AGGRESSIVE;
				GCC_WARN_UNUSED_FUNCTION = YES;
				GCC_WARN_UNUSED_VARIABLE = YES;
				IPHONEOS_DEPLOYMENT_TARGET = 13.0;
				MTL_ENABLE_DEBUG_INFO = INCLUDE_SOURCE;
				MTL_FAST_MATH = YES;
				ONLY_ACTIVE_ARCH = YES;
				SDKROOT = iphoneos;
				SWIFT_ACTIVE_COMPILATION_CONDITIONS = DEBUG;
				SWIFT_OPTIMIZATION_LEVEL = "-Onone";
			};
			name = Debug;
		};
		1B1DD1972789C1D200434408 /* Release */ = {
			isa = XCBuildConfiguration;
			buildSettings = {
				ALWAYS_SEARCH_USER_PATHS = NO;
				CLANG_ANALYZER_NONNULL = YES;
				CLANG_ANALYZER_NUMBER_OBJECT_CONVERSION = YES_AGGRESSIVE;
				CLANG_CXX_LANGUAGE_STANDARD = "gnu++17";
				CLANG_CXX_LIBRARY = "libc++";
				CLANG_ENABLE_MODULES = YES;
				CLANG_ENABLE_OBJC_ARC = YES;
				CLANG_ENABLE_OBJC_WEAK = YES;
				CLANG_WARN_BLOCK_CAPTURE_AUTORELEASING = YES;
				CLANG_WARN_BOOL_CONVERSION = YES;
				CLANG_WARN_COMMA = YES;
				CLANG_WARN_CONSTANT_CONVERSION = YES;
				CLANG_WARN_DEPRECATED_OBJC_IMPLEMENTATIONS = YES;
				CLANG_WARN_DIRECT_OBJC_ISA_USAGE = YES_ERROR;
				CLANG_WARN_DOCUMENTATION_COMMENTS = YES;
				CLANG_WARN_EMPTY_BODY = YES;
				CLANG_WARN_ENUM_CONVERSION = YES;
				CLANG_WARN_INFINITE_RECURSION = YES;
				CLANG_WARN_INT_CONVERSION = YES;
				CLANG_WARN_NON_LITERAL_NULL_CONVERSION = YES;
				CLANG_WARN_OBJC_IMPLICIT_RETAIN_SELF = YES;
				CLANG_WARN_OBJC_LITERAL_CONVERSION = YES;
				CLANG_WARN_OBJC_ROOT_CLASS = YES_ERROR;
				CLANG_WARN_QUOTED_INCLUDE_IN_FRAMEWORK_HEADER = YES;
				CLANG_WARN_RANGE_LOOP_ANALYSIS = YES;
				CLANG_WARN_STRICT_PROTOTYPES = YES;
				CLANG_WARN_SUSPICIOUS_MOVE = YES;
				CLANG_WARN_UNGUARDED_AVAILABILITY = YES_AGGRESSIVE;
				CLANG_WARN_UNREACHABLE_CODE = YES;
				CLANG_WARN__DUPLICATE_METHOD_MATCH = YES;
				COPY_PHASE_STRIP = NO;
				DEBUG_INFORMATION_FORMAT = "dwarf-with-dsym";
				ENABLE_NS_ASSERTIONS = NO;
				ENABLE_STRICT_OBJC_MSGSEND = YES;
				GCC_C_LANGUAGE_STANDARD = gnu11;
				GCC_NO_COMMON_BLOCKS = YES;
				GCC_WARN_64_TO_32_BIT_CONVERSION = YES;
				GCC_WARN_ABOUT_RETURN_TYPE = YES_ERROR;
				GCC_WARN_UNDECLARED_SELECTOR = YES;
				GCC_WARN_UNINITIALIZED_AUTOS = YES_AGGRESSIVE;
				GCC_WARN_UNUSED_FUNCTION = YES;
				GCC_WARN_UNUSED_VARIABLE = YES;
				IPHONEOS_DEPLOYMENT_TARGET = 13.0;
				MTL_ENABLE_DEBUG_INFO = NO;
				MTL_FAST_MATH = YES;
				SDKROOT = iphoneos;
				SWIFT_COMPILATION_MODE = wholemodule;
				SWIFT_OPTIMIZATION_LEVEL = "-O";
				VALIDATE_PRODUCT = YES;
			};
			name = Release;
		};
		1B1DD1992789C1D200434408 /* Debug */ = {
			isa = XCBuildConfiguration;
			baseConfigurationReference = 0857CB465017E740214C20A0 /* Pods-Countries.debug.xcconfig */;
			buildSettings = {
				ASSETCATALOG_COMPILER_APPICON_NAME = AppIcon;
				ASSETCATALOG_COMPILER_GLOBAL_ACCENT_COLOR_NAME = AccentColor;
				CODE_SIGN_STYLE = Automatic;
				CURRENT_PROJECT_VERSION = 1;
				DEVELOPMENT_TEAM = 927YGY67XQ;
				GENERATE_INFOPLIST_FILE = YES;
				INFOPLIST_FILE = "Countries/Supporting Files/Info.plist";
				INFOPLIST_KEY_CFBundleDisplayName = Countries;
				INFOPLIST_KEY_UIApplicationSupportsIndirectInputEvents = YES;
				INFOPLIST_KEY_UILaunchStoryboardName = LaunchScreen;
				INFOPLIST_KEY_UIMainStoryboardFile = Main;
				INFOPLIST_KEY_UISupportedInterfaceOrientations_iPad = "UIInterfaceOrientationPortrait UIInterfaceOrientationPortraitUpsideDown UIInterfaceOrientationLandscapeLeft UIInterfaceOrientationLandscapeRight";
				INFOPLIST_KEY_UISupportedInterfaceOrientations_iPhone = "UIInterfaceOrientationPortrait UIInterfaceOrientationLandscapeLeft UIInterfaceOrientationLandscapeRight";
				IPHONEOS_DEPLOYMENT_TARGET = 13.0;
				LD_RUNPATH_SEARCH_PATHS = (
					"$(inherited)",
					"@executable_path/Frameworks",
				);
				MARKETING_VERSION = 1.0;
				PRODUCT_BUNDLE_IDENTIFIER = com.Murmeko.Countries;
				PRODUCT_NAME = "$(TARGET_NAME)";
				SWIFT_EMIT_LOC_STRINGS = YES;
				SWIFT_VERSION = 5.0;
				TARGETED_DEVICE_FAMILY = "1,2";
			};
			name = Debug;
		};
		1B1DD19A2789C1D200434408 /* Release */ = {
			isa = XCBuildConfiguration;
			baseConfigurationReference = 8BDB6624EDF5BB82ACCCBF5B /* Pods-Countries.release.xcconfig */;
			buildSettings = {
				ASSETCATALOG_COMPILER_APPICON_NAME = AppIcon;
				ASSETCATALOG_COMPILER_GLOBAL_ACCENT_COLOR_NAME = AccentColor;
				CODE_SIGN_STYLE = Automatic;
				CURRENT_PROJECT_VERSION = 1;
				DEVELOPMENT_TEAM = 927YGY67XQ;
				GENERATE_INFOPLIST_FILE = YES;
				INFOPLIST_FILE = "Countries/Supporting Files/Info.plist";
				INFOPLIST_KEY_CFBundleDisplayName = Countries;
				INFOPLIST_KEY_UIApplicationSupportsIndirectInputEvents = YES;
				INFOPLIST_KEY_UILaunchStoryboardName = LaunchScreen;
				INFOPLIST_KEY_UIMainStoryboardFile = Main;
				INFOPLIST_KEY_UISupportedInterfaceOrientations_iPad = "UIInterfaceOrientationPortrait UIInterfaceOrientationPortraitUpsideDown UIInterfaceOrientationLandscapeLeft UIInterfaceOrientationLandscapeRight";
				INFOPLIST_KEY_UISupportedInterfaceOrientations_iPhone = "UIInterfaceOrientationPortrait UIInterfaceOrientationLandscapeLeft UIInterfaceOrientationLandscapeRight";
				IPHONEOS_DEPLOYMENT_TARGET = 13.0;
				LD_RUNPATH_SEARCH_PATHS = (
					"$(inherited)",
					"@executable_path/Frameworks",
				);
				MARKETING_VERSION = 1.0;
				PRODUCT_BUNDLE_IDENTIFIER = com.Murmeko.Countries;
				PRODUCT_NAME = "$(TARGET_NAME)";
				SWIFT_EMIT_LOC_STRINGS = YES;
				SWIFT_VERSION = 5.0;
				TARGETED_DEVICE_FAMILY = "1,2";
			};
			name = Release;
		};
		1B1DD19C2789C1D200434408 /* Debug */ = {
			isa = XCBuildConfiguration;
			baseConfigurationReference = F09799C48E4D1E3E39F7198A /* Pods-CountriesTests.debug.xcconfig */;
			buildSettings = {
				ALWAYS_EMBED_SWIFT_STANDARD_LIBRARIES = "$(inherited)";
				BUNDLE_LOADER = "$(TEST_HOST)";
				CODE_SIGN_STYLE = Automatic;
				CURRENT_PROJECT_VERSION = 1;
				DEVELOPMENT_TEAM = 927YGY67XQ;
				GENERATE_INFOPLIST_FILE = YES;
				IPHONEOS_DEPLOYMENT_TARGET = 15.2;
				MARKETING_VERSION = 1.0;
				PRODUCT_BUNDLE_IDENTIFIER = Murmeko.CountriesTests;
				PRODUCT_NAME = "$(TARGET_NAME)";
				SWIFT_EMIT_LOC_STRINGS = NO;
				SWIFT_VERSION = 5.0;
				TARGETED_DEVICE_FAMILY = "1,2";
				TEST_HOST = "$(BUILT_PRODUCTS_DIR)/Countries.app/Countries";
			};
			name = Debug;
		};
		1B1DD19D2789C1D200434408 /* Release */ = {
			isa = XCBuildConfiguration;
			baseConfigurationReference = 86D17193161F2B42298780E3 /* Pods-CountriesTests.release.xcconfig */;
			buildSettings = {
				ALWAYS_EMBED_SWIFT_STANDARD_LIBRARIES = "$(inherited)";
				BUNDLE_LOADER = "$(TEST_HOST)";
				CODE_SIGN_STYLE = Automatic;
				CURRENT_PROJECT_VERSION = 1;
				DEVELOPMENT_TEAM = 927YGY67XQ;
				GENERATE_INFOPLIST_FILE = YES;
				IPHONEOS_DEPLOYMENT_TARGET = 15.2;
				MARKETING_VERSION = 1.0;
				PRODUCT_BUNDLE_IDENTIFIER = Murmeko.CountriesTests;
				PRODUCT_NAME = "$(TARGET_NAME)";
				SWIFT_EMIT_LOC_STRINGS = NO;
				SWIFT_VERSION = 5.0;
				TARGETED_DEVICE_FAMILY = "1,2";
				TEST_HOST = "$(BUILT_PRODUCTS_DIR)/Countries.app/Countries";
			};
			name = Release;
		};
		1B1DD19F2789C1D200434408 /* Debug */ = {
			isa = XCBuildConfiguration;
			baseConfigurationReference = E258081F737A5837E5D7861D /* Pods-Countries-CountriesUITests.debug.xcconfig */;
			buildSettings = {
				ALWAYS_EMBED_SWIFT_STANDARD_LIBRARIES = "$(inherited)";
				CODE_SIGN_STYLE = Automatic;
				CURRENT_PROJECT_VERSION = 1;
				DEVELOPMENT_TEAM = 927YGY67XQ;
				GENERATE_INFOPLIST_FILE = YES;
				MARKETING_VERSION = 1.0;
				PRODUCT_BUNDLE_IDENTIFIER = Murmeko.CountriesUITests;
				PRODUCT_NAME = "$(TARGET_NAME)";
				SWIFT_EMIT_LOC_STRINGS = NO;
				SWIFT_VERSION = 5.0;
				TARGETED_DEVICE_FAMILY = "1,2";
				TEST_TARGET_NAME = Countries;
			};
			name = Debug;
		};
		1B1DD1A02789C1D200434408 /* Release */ = {
			isa = XCBuildConfiguration;
			baseConfigurationReference = 6DE8C94509D172EE9B081DEA /* Pods-Countries-CountriesUITests.release.xcconfig */;
			buildSettings = {
				ALWAYS_EMBED_SWIFT_STANDARD_LIBRARIES = "$(inherited)";
				CODE_SIGN_STYLE = Automatic;
				CURRENT_PROJECT_VERSION = 1;
				DEVELOPMENT_TEAM = 927YGY67XQ;
				GENERATE_INFOPLIST_FILE = YES;
				MARKETING_VERSION = 1.0;
				PRODUCT_BUNDLE_IDENTIFIER = Murmeko.CountriesUITests;
				PRODUCT_NAME = "$(TARGET_NAME)";
				SWIFT_EMIT_LOC_STRINGS = NO;
				SWIFT_VERSION = 5.0;
				TARGETED_DEVICE_FAMILY = "1,2";
				TEST_TARGET_NAME = Countries;
			};
			name = Release;
		};
/* End XCBuildConfiguration section */

/* Begin XCConfigurationList section */
		1B1DD1692789C1D000434408 /* Build configuration list for PBXProject "Countries" */ = {
			isa = XCConfigurationList;
			buildConfigurations = (
				1B1DD1962789C1D200434408 /* Debug */,
				1B1DD1972789C1D200434408 /* Release */,
			);
			defaultConfigurationIsVisible = 0;
			defaultConfigurationName = Release;
		};
		1B1DD1982789C1D200434408 /* Build configuration list for PBXNativeTarget "Countries" */ = {
			isa = XCConfigurationList;
			buildConfigurations = (
				1B1DD1992789C1D200434408 /* Debug */,
				1B1DD19A2789C1D200434408 /* Release */,
			);
			defaultConfigurationIsVisible = 0;
			defaultConfigurationName = Release;
		};
		1B1DD19B2789C1D200434408 /* Build configuration list for PBXNativeTarget "CountriesTests" */ = {
			isa = XCConfigurationList;
			buildConfigurations = (
				1B1DD19C2789C1D200434408 /* Debug */,
				1B1DD19D2789C1D200434408 /* Release */,
			);
			defaultConfigurationIsVisible = 0;
			defaultConfigurationName = Release;
		};
		1B1DD19E2789C1D200434408 /* Build configuration list for PBXNativeTarget "CountriesUITests" */ = {
			isa = XCConfigurationList;
			buildConfigurations = (
				1B1DD19F2789C1D200434408 /* Debug */,
				1B1DD1A02789C1D200434408 /* Release */,
			);
			defaultConfigurationIsVisible = 0;
			defaultConfigurationName = Release;
		};
/* End XCConfigurationList section */
	};
	rootObject = 1B1DD1662789C1D000434408 /* Project object */;
}
